
Microsoft Visual Studio Solution File, Format Version 12.00
# Visual Studio Version 17
VisualStudioVersion = 17.5.33530.505
MinimumVisualStudioVersion = 10.0.40219.1
Project("{FAE04EC0-301F-11D3-BF4B-00C04F79EFBC}") = "IMC", "IMC.csproj", "{44C7AF10-4CF0-4C7A-9860-494A7E7960D8}"
EndProject
Global
	GlobalSection(SolutionConfigurationPlatforms) = preSolution
		Debug|Any CPU = Debug|Any CPU
		Release|Any CPU = Release|Any CPU
	EndGlobalSection
	GlobalSection(ProjectConfigurationPlatforms) = postSolution
		{44C7AF10-4CF0-4C7A-9860-494A7E7960D8}.Debug|Any CPU.ActiveCfg = Debug|Any CPU
		{44C7AF10-4CF0-4C7A-9860-494A7E7960D8}.Debug|Any CPU.Build.0 = Debug|Any CPU
		{44C7AF10-4CF0-4C7A-9860-494A7E7960D8}.Release|Any CPU.ActiveCfg = Release|Any CPU
		{44C7AF10-4CF0-4C7A-9860-494A7E7960D8}.Release|Any CPU.Build.0 = Release|Any CPU
	EndGlobalSection
	GlobalSection(SolutionProperties) = preSolution
		HideSolutionNode = FALSE
	EndGlobalSection
	GlobalSection(ExtensibilityGlobals) = postSolution
		SolutionGuid = {ED1F2467-FB6C-4EBA-97C8-D7E8AC2B6D92}
	EndGlobalSection
EndGlobal
